
Microsoft Visual Studio Solution File, Format Version 12.00
# Visual Studio 15
VisualStudioVersion = 15.0.27130.2036
MinimumVisualStudioVersion = 10.0.40219.1
Project("{9A19103F-16F7-4668-BE54-9A1E7A4F7556}") = "KentNoteBook.Data", "KentNoteBook.Data\KentNoteBook.Data.csproj", "{98515875-314E-4824-A86E-FE29259F90AD}"
EndProject
Project("{2150E333-8FDC-42A3-9474-1A3956D46DE8}") = "01-Core", "01-Core", "{17840A0F-AF22-48DC-A8E0-181F72EC74BC}"
EndProject
Project("{2150E333-8FDC-42A3-9474-1A3956D46DE8}") = "02-Infrastructure", "02-Infrastructure", "{3149FDA8-F8EA-4269-AFFA-64E23435D57F}"
EndProject
Project("{2150E333-8FDC-42A3-9474-1A3956D46DE8}") = "03-Application", "03-Application", "{C3B8477C-473D-4AD0-B80E-93AAE036EEC7}"
EndProject
Project("{9A19103F-16F7-4668-BE54-9A1E7A4F7556}") = "KentNoteBook.WebApp", "KentNoteBook.WebApp\KentNoteBook.WebApp.csproj", "{5267F474-22B9-4F94-8337-974A2515863A}"
EndProject
Project("{9A19103F-16F7-4668-BE54-9A1E7A4F7556}") = "KentNoteBook.Angular", "KentNoteBook.Angular\KentNoteBook.Angular.csproj", "{5C9457F1-C509-4E53-B5A3-D78F48443AA7}"
EndProject
Project("{9A19103F-16F7-4668-BE54-9A1E7A4F7556}") = "KentNoteBook.Api", "KentNoteBook.WebApi\KentNoteBook.Api.csproj", "{F99EC4BA-6DE7-4A30-B1BF-4BB88453E9AA}"
EndProject
Project("{9A19103F-16F7-4668-BE54-9A1E7A4F7556}") = "KentNoteBook.Infrastructure", "KentNoteBook.Infrastructure\KentNoteBook.Infrastructure.csproj", "{8E50889C-C64A-4C8D-B670-B37A4D650F38}"
EndProject
Global
	GlobalSection(SolutionConfigurationPlatforms) = preSolution
		Debug|Any CPU = Debug|Any CPU
		Release|Any CPU = Release|Any CPU
	EndGlobalSection
	GlobalSection(ProjectConfigurationPlatforms) = postSolution
		{98515875-314E-4824-A86E-FE29259F90AD}.Debug|Any CPU.ActiveCfg = Debug|Any CPU
		{98515875-314E-4824-A86E-FE29259F90AD}.Debug|Any CPU.Build.0 = Debug|Any CPU
		{98515875-314E-4824-A86E-FE29259F90AD}.Release|Any CPU.ActiveCfg = Release|Any CPU
		{98515875-314E-4824-A86E-FE29259F90AD}.Release|Any CPU.Build.0 = Release|Any CPU
		{5267F474-22B9-4F94-8337-974A2515863A}.Debug|Any CPU.ActiveCfg = Debug|Any CPU
		{5267F474-22B9-4F94-8337-974A2515863A}.Debug|Any CPU.Build.0 = Debug|Any CPU
		{5267F474-22B9-4F94-8337-974A2515863A}.Release|Any CPU.ActiveCfg = Release|Any CPU
		{5267F474-22B9-4F94-8337-974A2515863A}.Release|Any CPU.Build.0 = Release|Any CPU
		{5C9457F1-C509-4E53-B5A3-D78F48443AA7}.Debug|Any CPU.ActiveCfg = Debug|Any CPU
		{5C9457F1-C509-4E53-B5A3-D78F48443AA7}.Debug|Any CPU.Build.0 = Debug|Any CPU
		{5C9457F1-C509-4E53-B5A3-D78F48443AA7}.Release|Any CPU.ActiveCfg = Release|Any CPU
		{5C9457F1-C509-4E53-B5A3-D78F48443AA7}.Release|Any CPU.Build.0 = Release|Any CPU
		{F99EC4BA-6DE7-4A30-B1BF-4BB88453E9AA}.Debug|Any CPU.ActiveCfg = Debug|Any CPU
		{F99EC4BA-6DE7-4A30-B1BF-4BB88453E9AA}.Debug|Any CPU.Build.0 = Debug|Any CPU
		{F99EC4BA-6DE7-4A30-B1BF-4BB88453E9AA}.Release|Any CPU.ActiveCfg = Release|Any CPU
		{F99EC4BA-6DE7-4A30-B1BF-4BB88453E9AA}.Release|Any CPU.Build.0 = Release|Any CPU
		{8E50889C-C64A-4C8D-B670-B37A4D650F38}.Debug|Any CPU.ActiveCfg = Debug|Any CPU
		{8E50889C-C64A-4C8D-B670-B37A4D650F38}.Debug|Any CPU.Build.0 = Debug|Any CPU
		{8E50889C-C64A-4C8D-B670-B37A4D650F38}.Release|Any CPU.ActiveCfg = Release|Any CPU
		{8E50889C-C64A-4C8D-B670-B37A4D650F38}.Release|Any CPU.Build.0 = Release|Any CPU
	EndGlobalSection
	GlobalSection(SolutionProperties) = preSolution
		HideSolutionNode = FALSE
	EndGlobalSection
	GlobalSection(NestedProjects) = preSolution
		{98515875-314E-4824-A86E-FE29259F90AD} = {17840A0F-AF22-48DC-A8E0-181F72EC74BC}
		{5267F474-22B9-4F94-8337-974A2515863A} = {C3B8477C-473D-4AD0-B80E-93AAE036EEC7}
		{5C9457F1-C509-4E53-B5A3-D78F48443AA7} = {C3B8477C-473D-4AD0-B80E-93AAE036EEC7}
		{F99EC4BA-6DE7-4A30-B1BF-4BB88453E9AA} = {C3B8477C-473D-4AD0-B80E-93AAE036EEC7}
		{8E50889C-C64A-4C8D-B670-B37A4D650F38} = {3149FDA8-F8EA-4269-AFFA-64E23435D57F}
	EndGlobalSection
	GlobalSection(ExtensibilityGlobals) = postSolution
		SolutionGuid = {A044423D-9157-4E20-AD11-5DA16A5B3F24}
	EndGlobalSection
EndGlobal
